
Microsoft Visual Studio Solution File, Format Version 12.00
# Visual Studio Version 16
VisualStudioVersion = 16.0.32126.315
MinimumVisualStudioVersion = 10.0.40219.1
Project("{FAE04EC0-301F-11D3-BF4B-00C04F79EFBC}") = "GestorDeEstoque", "GestorDeEstoque.csproj", "{D71C9A73-1869-4A40-A94C-01552E91E1ED}"
	ProjectSection(ProjectDependencies) = postProject
		{B0DF8FC2-40C8-4FEA-A392-1037109D1925} = {B0DF8FC2-40C8-4FEA-A392-1037109D1925}
		{D558DBFA-33F9-4FBA-A7B9-F1CAAEE0D514} = {D558DBFA-33F9-4FBA-A7B9-F1CAAEE0D514}
	EndProjectSection
EndProject
Project("{FAE04EC0-301F-11D3-BF4B-00C04F79EFBC}") = "Modelo", "..\Modelo\Modelo.csproj", "{B0DF8FC2-40C8-4FEA-A392-1037109D1925}"
EndProject
Project("{FAE04EC0-301F-11D3-BF4B-00C04F79EFBC}") = "Funcoes", "..\Funcoes\Funcoes.csproj", "{44308E3F-FC7D-47E8-A987-3F2182115843}"
EndProject
Project("{FAE04EC0-301F-11D3-BF4B-00C04F79EFBC}") = "BLL", "..\BLL\BLL.csproj", "{D558DBFA-33F9-4FBA-A7B9-F1CAAEE0D514}"
	ProjectSection(ProjectDependencies) = postProject
		{44308E3F-FC7D-47E8-A987-3F2182115843} = {44308E3F-FC7D-47E8-A987-3F2182115843}
		{667F73AF-6D74-4B4D-AB5D-9A8117605EAC} = {667F73AF-6D74-4B4D-AB5D-9A8117605EAC}
	EndProjectSection
EndProject
Project("{FAE04EC0-301F-11D3-BF4B-00C04F79EFBC}") = "DAO", "..\DAO\DAO.csproj", "{667F73AF-6D74-4B4D-AB5D-9A8117605EAC}"
	ProjectSection(ProjectDependencies) = postProject
		{44308E3F-FC7D-47E8-A987-3F2182115843} = {44308E3F-FC7D-47E8-A987-3F2182115843}
		{B0DF8FC2-40C8-4FEA-A392-1037109D1925} = {B0DF8FC2-40C8-4FEA-A392-1037109D1925}
	EndProjectSection
EndProject
Global
	GlobalSection(SolutionConfigurationPlatforms) = preSolution
		Debug|Any CPU = Debug|Any CPU
		Release|Any CPU = Release|Any CPU
	EndGlobalSection
	GlobalSection(ProjectConfigurationPlatforms) = postSolution
		{D71C9A73-1869-4A40-A94C-01552E91E1ED}.Debug|Any CPU.ActiveCfg = Debug|Any CPU
		{D71C9A73-1869-4A40-A94C-01552E91E1ED}.Debug|Any CPU.Build.0 = Debug|Any CPU
		{D71C9A73-1869-4A40-A94C-01552E91E1ED}.Release|Any CPU.ActiveCfg = Release|Any CPU
		{D71C9A73-1869-4A40-A94C-01552E91E1ED}.Release|Any CPU.Build.0 = Release|Any CPU
		{B0DF8FC2-40C8-4FEA-A392-1037109D1925}.Debug|Any CPU.ActiveCfg = Debug|Any CPU
		{B0DF8FC2-40C8-4FEA-A392-1037109D1925}.Debug|Any CPU.Build.0 = Debug|Any CPU
		{B0DF8FC2-40C8-4FEA-A392-1037109D1925}.Release|Any CPU.ActiveCfg = Release|Any CPU
		{B0DF8FC2-40C8-4FEA-A392-1037109D1925}.Release|Any CPU.Build.0 = Release|Any CPU
		{44308E3F-FC7D-47E8-A987-3F2182115843}.Debug|Any CPU.ActiveCfg = Debug|Any CPU
		{44308E3F-FC7D-47E8-A987-3F2182115843}.Debug|Any CPU.Build.0 = Debug|Any CPU
		{44308E3F-FC7D-47E8-A987-3F2182115843}.Release|Any CPU.ActiveCfg = Release|Any CPU
		{44308E3F-FC7D-47E8-A987-3F2182115843}.Release|Any CPU.Build.0 = Release|Any CPU
		{D558DBFA-33F9-4FBA-A7B9-F1CAAEE0D514}.Debug|Any CPU.ActiveCfg = Debug|Any CPU
		{D558DBFA-33F9-4FBA-A7B9-F1CAAEE0D514}.Debug|Any CPU.Build.0 = Debug|Any CPU
		{D558DBFA-33F9-4FBA-A7B9-F1CAAEE0D514}.Release|Any CPU.ActiveCfg = Release|Any CPU
		{D558DBFA-33F9-4FBA-A7B9-F1CAAEE0D514}.Release|Any CPU.Build.0 = Release|Any CPU
		{667F73AF-6D74-4B4D-AB5D-9A8117605EAC}.Debug|Any CPU.ActiveCfg = Debug|Any CPU
		{667F73AF-6D74-4B4D-AB5D-9A8117605EAC}.Debug|Any CPU.Build.0 = Debug|Any CPU
		{667F73AF-6D74-4B4D-AB5D-9A8117605EAC}.Release|Any CPU.ActiveCfg = Release|Any CPU
		{667F73AF-6D74-4B4D-AB5D-9A8117605EAC}.Release|Any CPU.Build.0 = Release|Any CPU
	EndGlobalSection
	GlobalSection(SolutionProperties) = preSolution
		HideSolutionNode = FALSE
	EndGlobalSection
	GlobalSection(ExtensibilityGlobals) = postSolution
		SolutionGuid = {EBE8733B-DBB6-4E4D-9FB7-05A398771EE5}
	EndGlobalSection
EndGlobal
